// !$*UTF8*$!
{
	archiveVersion = 1;
	classes = {
	};
	objectVersion = 46;
	objects = {

/* Begin PBXBuildFile section */
		463A2B0F156BCC0700414F84 /* NSString+BaseKit.m in Sources */ = {isa = PBXBuildFile; fileRef = 463A2B0E156BCC0700414F84 /* NSString+BaseKit.m */; };
		463A2B14156BE8E800414F84 /* humanstxt-transparent-color.png in Resources */ = {isa = PBXBuildFile; fileRef = 463A2B13156BE8E800414F84 /* humanstxt-transparent-color.png */; };
		463A2B1F156D3FA500414F84 /* tableheader.png in Resources */ = {isa = PBXBuildFile; fileRef = 463A2B1D156D3FA500414F84 /* tableheader.png */; };
		463A2B20156D3FA500414F84 /* tableheader@2x.png in Resources */ = {isa = PBXBuildFile; fileRef = 463A2B1E156D3FA500414F84 /* tableheader@2x.png */; };
		463A2B2C156D410E00414F84 /* QuartzCore.framework in Frameworks */ = {isa = PBXBuildFile; fileRef = 463A2B2B156D410E00414F84 /* QuartzCore.framework */; };
		463A2B2F156D491900414F84 /* cell.png in Resources */ = {isa = PBXBuildFile; fileRef = 463A2B2D156D491900414F84 /* cell.png */; };
		463A2B30156D491900414F84 /* cell@2x.png in Resources */ = {isa = PBXBuildFile; fileRef = 463A2B2E156D491900414F84 /* cell@2x.png */; };
		463A2B3B156D5AE800414F84 /* tableheader2.png in Resources */ = {isa = PBXBuildFile; fileRef = 463A2B39156D5AE800414F84 /* tableheader2.png */; };
		463A2B3C156D5AE800414F84 /* tableheader2@2x.png in Resources */ = {isa = PBXBuildFile; fileRef = 463A2B3A156D5AE800414F84 /* tableheader2@2x.png */; };
		463A2B3F156D5D8900414F84 /* tableheader3.png in Resources */ = {isa = PBXBuildFile; fileRef = 463A2B3D156D5D8900414F84 /* tableheader3.png */; };
		463A2B40156D5D8900414F84 /* tableheader3@2x.png in Resources */ = {isa = PBXBuildFile; fileRef = 463A2B3E156D5D8900414F84 /* tableheader3@2x.png */; };
		463A2B49156E81A000414F84 /* Intro.png in Resources */ = {isa = PBXBuildFile; fileRef = 463A2B47156E81A000414F84 /* Intro.png */; };
		463A2B4A156E81A000414F84 /* Intro@2x.png in Resources */ = {isa = PBXBuildFile; fileRef = 463A2B48156E81A000414F84 /* Intro@2x.png */; };
		463A2B4D156E843C00414F84 /* humanstxtlogonavbar.png in Resources */ = {isa = PBXBuildFile; fileRef = 463A2B4B156E843C00414F84 /* humanstxtlogonavbar.png */; };
		463A2B4E156E843C00414F84 /* humanstxtlogonavbar@2x.png in Resources */ = {isa = PBXBuildFile; fileRef = 463A2B4C156E843C00414F84 /* humanstxtlogonavbar@2x.png */; };
		463A2B51156E851500414F84 /* humanstxtlogonavbar2.png in Resources */ = {isa = PBXBuildFile; fileRef = 463A2B4F156E851500414F84 /* humanstxtlogonavbar2.png */; };
		463A2B52156E851500414F84 /* humanstxtlogonavbar2@2x.psd in Resources */ = {isa = PBXBuildFile; fileRef = 463A2B50156E851500414F84 /* humanstxtlogonavbar2@2x.psd */; };
		463A2B5E156E932E00414F84 /* Icon-72.png in Resources */ = {isa = PBXBuildFile; fileRef = 463A2B54156E932D00414F84 /* Icon-72.png */; };
		463A2B5F156E932E00414F84 /* Icon-72@2x.png in Resources */ = {isa = PBXBuildFile; fileRef = 463A2B55156E932D00414F84 /* Icon-72@2x.png */; };
		463A2B60156E932E00414F84 /* Icon-Small-50.png in Resources */ = {isa = PBXBuildFile; fileRef = 463A2B56156E932D00414F84 /* Icon-Small-50.png */; };
		463A2B61156E932E00414F84 /* Icon-Small-50@2x.png in Resources */ = {isa = PBXBuildFile; fileRef = 463A2B57156E932D00414F84 /* Icon-Small-50@2x.png */; };
		463A2B62156E932E00414F84 /* Icon-Small.png in Resources */ = {isa = PBXBuildFile; fileRef = 463A2B58156E932D00414F84 /* Icon-Small.png */; };
		463A2B63156E932E00414F84 /* Icon-Small@2x.png in Resources */ = {isa = PBXBuildFile; fileRef = 463A2B59156E932D00414F84 /* Icon-Small@2x.png */; };
		463A2B64156E932E00414F84 /* Icon.png in Resources */ = {isa = PBXBuildFile; fileRef = 463A2B5A156E932D00414F84 /* Icon.png */; };
		463A2B65156E932E00414F84 /* Icon@2x.png in Resources */ = {isa = PBXBuildFile; fileRef = 463A2B5B156E932D00414F84 /* Icon@2x.png */; };
		463A2B66156E932E00414F84 /* iTunesArtwork.png in Resources */ = {isa = PBXBuildFile; fileRef = 463A2B5C156E932D00414F84 /* iTunesArtwork.png */; };
		463A2B67156E932E00414F84 /* iTunesArtwork@2x.png in Resources */ = {isa = PBXBuildFile; fileRef = 463A2B5D156E932D00414F84 /* iTunesArtwork@2x.png */; };
		463A2B7A156E9E2F00414F84 /* ListViewControllerCell.m in Sources */ = {isa = PBXBuildFile; fileRef = 463A2B79156E9E2F00414F84 /* ListViewControllerCell.m */; };
		463A2B7E156EA0B500414F84 /* cellselected.png in Resources */ = {isa = PBXBuildFile; fileRef = 463A2B7C156EA0B500414F84 /* cellselected.png */; };
		463A2B7F156EA0B500414F84 /* cellselected@2x.png in Resources */ = {isa = PBXBuildFile; fileRef = 463A2B7D156EA0B500414F84 /* cellselected@2x.png */; };
		463A2B84156EAFA100414F84 /* DetailViewController.m in Sources */ = {isa = PBXBuildFile; fileRef = 463A2B82156EAFA100414F84 /* DetailViewController.m */; };
		463A2B85156EAFA100414F84 /* DetailViewController.xib in Resources */ = {isa = PBXBuildFile; fileRef = 463A2B83156EAFA100414F84 /* DetailViewController.xib */; };
		463A2B88156EB36200414F84 /* papercut.png in Resources */ = {isa = PBXBuildFile; fileRef = 463A2B86156EB36200414F84 /* papercut.png */; };
		463A2B89156EB36200414F84 /* papercut@2x.png in Resources */ = {isa = PBXBuildFile; fileRef = 463A2B87156EB36200414F84 /* papercut@2x.png */; };
		463AE752156FAACC00E41DEC /* papercut2.png in Resources */ = {isa = PBXBuildFile; fileRef = 463AE750156FAACC00E41DEC /* papercut2.png */; };
		463AE753156FAACC00E41DEC /* papercut2@2x.png in Resources */ = {isa = PBXBuildFile; fileRef = 463AE751156FAACC00E41DEC /* papercut2@2x.png */; };
		463AE799156FC29700E41DEC /* MapKit.framework in Frameworks */ = {isa = PBXBuildFile; fileRef = 463AE798156FC29700E41DEC /* MapKit.framework */; };
		463AE79B156FC29E00E41DEC /* CoreLocation.framework in Frameworks */ = {isa = PBXBuildFile; fileRef = 463AE79A156FC29E00E41DEC /* CoreLocation.framework */; };
		463AE79E156FC51D00E41DEC /* MKMapView+ZoomLevel.m in Sources */ = {isa = PBXBuildFile; fileRef = 463AE79D156FC51D00E41DEC /* MKMapView+ZoomLevel.m */; };
		463AE7A0156FE36A00E41DEC /* humanstxtlogonavbar2@2x.png in Resources */ = {isa = PBXBuildFile; fileRef = 463AE79F156FE36A00E41DEC /* humanstxtlogonavbar2@2x.png */; };
		464907F4156A737C007078EB /* UIKit.framework in Frameworks */ = {isa = PBXBuildFile; fileRef = 464907F3156A737C007078EB /* UIKit.framework */; };
		464907F6156A737C007078EB /* Foundation.framework in Frameworks */ = {isa = PBXBuildFile; fileRef = 464907F5156A737C007078EB /* Foundation.framework */; };
		464907F8156A737C007078EB /* CoreGraphics.framework in Frameworks */ = {isa = PBXBuildFile; fileRef = 464907F7156A737C007078EB /* CoreGraphics.framework */; };
		464907FE156A737C007078EB /* InfoPlist.strings in Resources */ = {isa = PBXBuildFile; fileRef = 464907FC156A737C007078EB /* InfoPlist.strings */; };
		46490800156A737C007078EB /* main.m in Sources */ = {isa = PBXBuildFile; fileRef = 464907FF156A737C007078EB /* main.m */; };
		46490804156A737C007078EB /* AppDelegate.m in Sources */ = {isa = PBXBuildFile; fileRef = 46490803156A737C007078EB /* AppDelegate.m */; };
		46490807156A737C007078EB /* ViewController.m in Sources */ = {isa = PBXBuildFile; fileRef = 46490806156A737C007078EB /* ViewController.m */; };
		4649080A156A737C007078EB /* ViewController.xib in Resources */ = {isa = PBXBuildFile; fileRef = 46490808156A737C007078EB /* ViewController.xib */; };
		46490812156A73FF007078EB /* LSHumanTXTParser.m in Sources */ = {isa = PBXBuildFile; fileRef = 46490811156A73FF007078EB /* LSHumanTXTParser.m */; };
/* End PBXBuildFile section */

/* Begin PBXFileReference section */
		463A2B0D156BCC0600414F84 /* NSString+BaseKit.h */ = {isa = PBXFileReference; fileEncoding = 4; lastKnownFileType = sourcecode.c.h; path = "NSString+BaseKit.h"; sourceTree = "<group>"; };
		463A2B0E156BCC0700414F84 /* NSString+BaseKit.m */ = {isa = PBXFileReference; fileEncoding = 4; lastKnownFileType = sourcecode.c.objc; path = "NSString+BaseKit.m"; sourceTree = "<group>"; };
		463A2B13156BE8E800414F84 /* humanstxt-transparent-color.png */ = {isa = PBXFileReference; lastKnownFileType = image.png; path = "humanstxt-transparent-color.png"; sourceTree = "<group>"; };
		463A2B1D156D3FA500414F84 /* tableheader.png */ = {isa = PBXFileReference; lastKnownFileType = image.png; path = tableheader.png; sourceTree = "<group>"; };
		463A2B1E156D3FA500414F84 /* tableheader@2x.png */ = {isa = PBXFileReference; lastKnownFileType = image.png; path = "tableheader@2x.png"; sourceTree = "<group>"; };
		463A2B2B156D410E00414F84 /* QuartzCore.framework */ = {isa = PBXFileReference; lastKnownFileType = wrapper.framework; name = QuartzCore.framework; path = System/Library/Frameworks/QuartzCore.framework; sourceTree = SDKROOT; };
		463A2B2D156D491900414F84 /* cell.png */ = {isa = PBXFileReference; lastKnownFileType = image.png; path = cell.png; sourceTree = "<group>"; };
		463A2B2E156D491900414F84 /* cell@2x.png */ = {isa = PBXFileReference; lastKnownFileType = image.png; path = "cell@2x.png"; sourceTree = "<group>"; };
		463A2B39156D5AE800414F84 /* tableheader2.png */ = {isa = PBXFileReference; lastKnownFileType = image.png; path = tableheader2.png; sourceTree = "<group>"; };
		463A2B3A156D5AE800414F84 /* tableheader2@2x.png */ = {isa = PBXFileReference; lastKnownFileType = image.png; path = "tableheader2@2x.png"; sourceTree = "<group>"; };
		463A2B3D156D5D8900414F84 /* tableheader3.png */ = {isa = PBXFileReference; lastKnownFileType = image.png; path = tableheader3.png; sourceTree = "<group>"; };
		463A2B3E156D5D8900414F84 /* tableheader3@2x.png */ = {isa = PBXFileReference; lastKnownFileType = image.png; path = "tableheader3@2x.png"; sourceTree = "<group>"; };
		463A2B47156E81A000414F84 /* Intro.png */ = {isa = PBXFileReference; lastKnownFileType = image.png; path = Intro.png; sourceTree = "<group>"; };
		463A2B48156E81A000414F84 /* Intro@2x.png */ = {isa = PBXFileReference; lastKnownFileType = image.png; path = "Intro@2x.png"; sourceTree = "<group>"; };
		463A2B4B156E843C00414F84 /* humanstxtlogonavbar.png */ = {isa = PBXFileReference; lastKnownFileType = image.png; path = humanstxtlogonavbar.png; sourceTree = "<group>"; };
		463A2B4C156E843C00414F84 /* humanstxtlogonavbar@2x.png */ = {isa = PBXFileReference; lastKnownFileType = image.png; path = "humanstxtlogonavbar@2x.png"; sourceTree = "<group>"; };
		463A2B4F156E851500414F84 /* humanstxtlogonavbar2.png */ = {isa = PBXFileReference; lastKnownFileType = image.png; path = humanstxtlogonavbar2.png; sourceTree = "<group>"; };
		463A2B50156E851500414F84 /* humanstxtlogonavbar2@2x.psd */ = {isa = PBXFileReference; lastKnownFileType = file; path = "humanstxtlogonavbar2@2x.psd"; sourceTree = "<group>"; };
		463A2B54156E932D00414F84 /* Icon-72.png */ = {isa = PBXFileReference; lastKnownFileType = image.png; path = "Icon-72.png"; sourceTree = "<group>"; };
		463A2B55156E932D00414F84 /* Icon-72@2x.png */ = {isa = PBXFileReference; lastKnownFileType = image.png; path = "Icon-72@2x.png"; sourceTree = "<group>"; };
		463A2B56156E932D00414F84 /* Icon-Small-50.png */ = {isa = PBXFileReference; lastKnownFileType = image.png; path = "Icon-Small-50.png"; sourceTree = "<group>"; };
		463A2B57156E932D00414F84 /* Icon-Small-50@2x.png */ = {isa = PBXFileReference; lastKnownFileType = image.png; path = "Icon-Small-50@2x.png"; sourceTree = "<group>"; };
		463A2B58156E932D00414F84 /* Icon-Small.png */ = {isa = PBXFileReference; lastKnownFileType = image.png; path = "Icon-Small.png"; sourceTree = "<group>"; };
		463A2B59156E932D00414F84 /* Icon-Small@2x.png */ = {isa = PBXFileReference; lastKnownFileType = image.png; path = "Icon-Small@2x.png"; sourceTree = "<group>"; };
		463A2B5A156E932D00414F84 /* Icon.png */ = {isa = PBXFileReference; lastKnownFileType = image.png; path = Icon.png; sourceTree = "<group>"; };
		463A2B5B156E932D00414F84 /* Icon@2x.png */ = {isa = PBXFileReference; lastKnownFileType = image.png; path = "Icon@2x.png"; sourceTree = "<group>"; };
		463A2B5C156E932D00414F84 /* iTunesArtwork.png */ = {isa = PBXFileReference; lastKnownFileType = image.png; path = iTunesArtwork.png; sourceTree = "<group>"; };
		463A2B5D156E932D00414F84 /* iTunesArtwork@2x.png */ = {isa = PBXFileReference; lastKnownFileType = image.png; path = "iTunesArtwork@2x.png"; sourceTree = "<group>"; };
		463A2B78156E9E2F00414F84 /* ListViewControllerCell.h */ = {isa = PBXFileReference; fileEncoding = 4; lastKnownFileType = sourcecode.c.h; path = ListViewControllerCell.h; sourceTree = "<group>"; };
		463A2B79156E9E2F00414F84 /* ListViewControllerCell.m */ = {isa = PBXFileReference; fileEncoding = 4; lastKnownFileType = sourcecode.c.objc; path = ListViewControllerCell.m; sourceTree = "<group>"; };
		463A2B7C156EA0B500414F84 /* cellselected.png */ = {isa = PBXFileReference; lastKnownFileType = image.png; path = cellselected.png; sourceTree = "<group>"; };
		463A2B7D156EA0B500414F84 /* cellselected@2x.png */ = {isa = PBXFileReference; lastKnownFileType = image.png; path = "cellselected@2x.png"; sourceTree = "<group>"; };
		463A2B81156EAFA100414F84 /* DetailViewController.h */ = {isa = PBXFileReference; fileEncoding = 4; lastKnownFileType = sourcecode.c.h; path = DetailViewController.h; sourceTree = "<group>"; };
		463A2B82156EAFA100414F84 /* DetailViewController.m */ = {isa = PBXFileReference; fileEncoding = 4; lastKnownFileType = sourcecode.c.objc; path = DetailViewController.m; sourceTree = "<group>"; };
		463A2B83156EAFA100414F84 /* DetailViewController.xib */ = {isa = PBXFileReference; fileEncoding = 4; lastKnownFileType = file.xib; path = DetailViewController.xib; sourceTree = "<group>"; };
		463A2B86156EB36200414F84 /* papercut.png */ = {isa = PBXFileReference; lastKnownFileType = image.png; path = papercut.png; sourceTree = "<group>"; };
		463A2B87156EB36200414F84 /* papercut@2x.png */ = {isa = PBXFileReference; lastKnownFileType = image.png; path = "papercut@2x.png"; sourceTree = "<group>"; };
		463AE750156FAACC00E41DEC /* papercut2.png */ = {isa = PBXFileReference; lastKnownFileType = image.png; path = papercut2.png; sourceTree = "<group>"; };
		463AE751156FAACC00E41DEC /* papercut2@2x.png */ = {isa = PBXFileReference; lastKnownFileType = image.png; path = "papercut2@2x.png"; sourceTree = "<group>"; };
		463AE798156FC29700E41DEC /* MapKit.framework */ = {isa = PBXFileReference; lastKnownFileType = wrapper.framework; name = MapKit.framework; path = System/Library/Frameworks/MapKit.framework; sourceTree = SDKROOT; };
		463AE79A156FC29E00E41DEC /* CoreLocation.framework */ = {isa = PBXFileReference; lastKnownFileType = wrapper.framework; name = CoreLocation.framework; path = System/Library/Frameworks/CoreLocation.framework; sourceTree = SDKROOT; };
		463AE79C156FC51D00E41DEC /* MKMapView+ZoomLevel.h */ = {isa = PBXFileReference; fileEncoding = 4; lastKnownFileType = sourcecode.c.h; path = "MKMapView+ZoomLevel.h"; sourceTree = "<group>"; };
		463AE79D156FC51D00E41DEC /* MKMapView+ZoomLevel.m */ = {isa = PBXFileReference; fileEncoding = 4; lastKnownFileType = sourcecode.c.objc; path = "MKMapView+ZoomLevel.m"; sourceTree = "<group>"; };
		463AE79F156FE36A00E41DEC /* humanstxtlogonavbar2@2x.png */ = {isa = PBXFileReference; lastKnownFileType = image.png; path = "humanstxtlogonavbar2@2x.png"; sourceTree = "<group>"; };
		464907EF156A737C007078EB /* humanstxt.app */ = {isa = PBXFileReference; explicitFileType = wrapper.application; includeInIndex = 0; path = humanstxt.app; sourceTree = BUILT_PRODUCTS_DIR; };
		464907F3156A737C007078EB /* UIKit.framework */ = {isa = PBXFileReference; lastKnownFileType = wrapper.framework; name = UIKit.framework; path = System/Library/Frameworks/UIKit.framework; sourceTree = SDKROOT; };
		464907F5156A737C007078EB /* Foundation.framework */ = {isa = PBXFileReference; lastKnownFileType = wrapper.framework; name = Foundation.framework; path = System/Library/Frameworks/Foundation.framework; sourceTree = SDKROOT; };
		464907F7156A737C007078EB /* CoreGraphics.framework */ = {isa = PBXFileReference; lastKnownFileType = wrapper.framework; name = CoreGraphics.framework; path = System/Library/Frameworks/CoreGraphics.framework; sourceTree = SDKROOT; };
		464907FB156A737C007078EB /* humanstxt-Info.plist */ = {isa = PBXFileReference; lastKnownFileType = text.plist.xml; path = "humanstxt-Info.plist"; sourceTree = "<group>"; };
		464907FD156A737C007078EB /* en */ = {isa = PBXFileReference; lastKnownFileType = text.plist.strings; name = en; path = en.lproj/InfoPlist.strings; sourceTree = "<group>"; };
		464907FF156A737C007078EB /* main.m */ = {isa = PBXFileReference; lastKnownFileType = sourcecode.c.objc; path = main.m; sourceTree = "<group>"; };
		46490801156A737C007078EB /* humanstxt-Prefix.pch */ = {isa = PBXFileReference; lastKnownFileType = sourcecode.c.h; path = "humanstxt-Prefix.pch"; sourceTree = "<group>"; };
		46490802156A737C007078EB /* AppDelegate.h */ = {isa = PBXFileReference; lastKnownFileType = sourcecode.c.h; path = AppDelegate.h; sourceTree = "<group>"; };
		46490803156A737C007078EB /* AppDelegate.m */ = {isa = PBXFileReference; lastKnownFileType = sourcecode.c.objc; path = AppDelegate.m; sourceTree = "<group>"; };
		46490805156A737C007078EB /* ViewController.h */ = {isa = PBXFileReference; lastKnownFileType = sourcecode.c.h; path = ViewController.h; sourceTree = "<group>"; };
		46490806156A737C007078EB /* ViewController.m */ = {isa = PBXFileReference; lastKnownFileType = sourcecode.c.objc; path = ViewController.m; sourceTree = "<group>"; };
		46490809156A737C007078EB /* en */ = {isa = PBXFileReference; lastKnownFileType = file.xib; name = en; path = en.lproj/ViewController.xib; sourceTree = "<group>"; };
		46490810156A73FF007078EB /* LSHumanTXTParser.h */ = {isa = PBXFileReference; fileEncoding = 4; lastKnownFileType = sourcecode.c.h; path = LSHumanTXTParser.h; sourceTree = "<group>"; };
		46490811156A73FF007078EB /* LSHumanTXTParser.m */ = {isa = PBXFileReference; fileEncoding = 4; lastKnownFileType = sourcecode.c.objc; path = LSHumanTXTParser.m; sourceTree = "<group>"; };
/* End PBXFileReference section */

/* Begin PBXFrameworksBuildPhase section */
		464907EC156A737C007078EB /* Frameworks */ = {
			isa = PBXFrameworksBuildPhase;
			buildActionMask = 2147483647;
			files = (
				463AE79B156FC29E00E41DEC /* CoreLocation.framework in Frameworks */,
				463AE799156FC29700E41DEC /* MapKit.framework in Frameworks */,
				463A2B2C156D410E00414F84 /* QuartzCore.framework in Frameworks */,
				464907F4156A737C007078EB /* UIKit.framework in Frameworks */,
				464907F6156A737C007078EB /* Foundation.framework in Frameworks */,
				464907F8156A737C007078EB /* CoreGraphics.framework in Frameworks */,
			);
			runOnlyForDeploymentPostprocessing = 0;
		};
/* End PBXFrameworksBuildPhase section */

/* Begin PBXGroup section */
		463A2B45156D5ED900414F84 /* third party */ = {
			isa = PBXGroup;
			children = (
				463A2B0D156BCC0600414F84 /* NSString+BaseKit.h */,
				463A2B0E156BCC0700414F84 /* NSString+BaseKit.m */,
			);
			name = "third party";
			sourceTree = "<group>";
		};
		463A2B53156E931500414F84 /* Icon v1 */ = {
			isa = PBXGroup;
			children = (
				463A2B54156E932D00414F84 /* Icon-72.png */,
				463A2B55156E932D00414F84 /* Icon-72@2x.png */,
				463A2B56156E932D00414F84 /* Icon-Small-50.png */,
				463A2B57156E932D00414F84 /* Icon-Small-50@2x.png */,
				463A2B58156E932D00414F84 /* Icon-Small.png */,
				463A2B59156E932D00414F84 /* Icon-Small@2x.png */,
				463A2B5A156E932D00414F84 /* Icon.png */,
				463A2B5B156E932D00414F84 /* Icon@2x.png */,
				463A2B5C156E932D00414F84 /* iTunesArtwork.png */,
				463A2B5D156E932D00414F84 /* iTunesArtwork@2x.png */,
			);
			name = "Icon v1";
			sourceTree = "<group>";
		};
		463A2B80156EA0C000414F84 /* images */ = {
			isa = PBXGroup;
			children = (
				463AE750156FAACC00E41DEC /* papercut2.png */,
				463AE751156FAACC00E41DEC /* papercut2@2x.png */,
				463A2B86156EB36200414F84 /* papercut.png */,
				463A2B87156EB36200414F84 /* papercut@2x.png */,
				463A2B4F156E851500414F84 /* humanstxtlogonavbar2.png */,
				463A2B50156E851500414F84 /* humanstxtlogonavbar2@2x.psd */,
				463AE79F156FE36A00E41DEC /* humanstxtlogonavbar2@2x.png */,
				463A2B4B156E843C00414F84 /* humanstxtlogonavbar.png */,
				463A2B4C156E843C00414F84 /* humanstxtlogonavbar@2x.png */,
				463A2B47156E81A000414F84 /* Intro.png */,
				463A2B48156E81A000414F84 /* Intro@2x.png */,
				463A2B7C156EA0B500414F84 /* cellselected.png */,
				463A2B7D156EA0B500414F84 /* cellselected@2x.png */,
				463A2B2D156D491900414F84 /* cell.png */,
				463A2B2E156D491900414F84 /* cell@2x.png */,
				463A2B1D156D3FA500414F84 /* tableheader.png */,
				463A2B1E156D3FA500414F84 /* tableheader@2x.png */,
				463A2B39156D5AE800414F84 /* tableheader2.png */,
				463A2B3A156D5AE800414F84 /* tableheader2@2x.png */,
				463A2B3D156D5D8900414F84 /* tableheader3.png */,
				463A2B3E156D5D8900414F84 /* tableheader3@2x.png */,
				463A2B13156BE8E800414F84 /* humanstxt-transparent-color.png */,
			);
			name = images;
			sourceTree = "<group>";
		};
		464907E4156A737B007078EB = {
			isa = PBXGroup;
			children = (
				464907F9156A737C007078EB /* humanstxt */,
				464907F2156A737C007078EB /* Frameworks */,
				464907F0156A737C007078EB /* Products */,
			);
			sourceTree = "<group>";
		};
		464907F0156A737C007078EB /* Products */ = {
			isa = PBXGroup;
			children = (
				464907EF156A737C007078EB /* humanstxt.app */,
			);
			name = Products;
			sourceTree = "<group>";
		};
		464907F2156A737C007078EB /* Frameworks */ = {
			isa = PBXGroup;
			children = (
				463AE79A156FC29E00E41DEC /* CoreLocation.framework */,
				463AE798156FC29700E41DEC /* MapKit.framework */,
				463A2B2B156D410E00414F84 /* QuartzCore.framework */,
				464907F3156A737C007078EB /* UIKit.framework */,
				464907F5156A737C007078EB /* Foundation.framework */,
				464907F7156A737C007078EB /* CoreGraphics.framework */,
			);
			name = Frameworks;
			sourceTree = "<group>";
		};
		464907F9156A737C007078EB /* humanstxt */ = {
			isa = PBXGroup;
			children = (
				463A2B45156D5ED900414F84 /* third party */,
				46490802156A737C007078EB /* AppDelegate.h */,
				46490803156A737C007078EB /* AppDelegate.m */,
				46490805156A737C007078EB /* ViewController.h */,
				46490806156A737C007078EB /* ViewController.m */,
				46490808156A737C007078EB /* ViewController.xib */,
				46490810156A73FF007078EB /* LSHumanTXTParser.h */,
				46490811156A73FF007078EB /* LSHumanTXTParser.m */,
				463A2B78156E9E2F00414F84 /* ListViewControllerCell.h */,
				463A2B79156E9E2F00414F84 /* ListViewControllerCell.m */,
				463A2B81156EAFA100414F84 /* DetailViewController.h */,
				463A2B82156EAFA100414F84 /* DetailViewController.m */,
				463A2B83156EAFA100414F84 /* DetailViewController.xib */,
				463AE79C156FC51D00E41DEC /* MKMapView+ZoomLevel.h */,
				463AE79D156FC51D00E41DEC /* MKMapView+ZoomLevel.m */,
				464907FA156A737C007078EB /* Supporting Files */,
			);
			path = humanstxt;
			sourceTree = "<group>";
		};
		464907FA156A737C007078EB /* Supporting Files */ = {
			isa = PBXGroup;
			children = (
				463A2B53156E931500414F84 /* Icon v1 */,
				463A2B80156EA0C000414F84 /* images */,
				464907FB156A737C007078EB /* humanstxt-Info.plist */,
				464907FC156A737C007078EB /* InfoPlist.strings */,
				464907FF156A737C007078EB /* main.m */,
				46490801156A737C007078EB /* humanstxt-Prefix.pch */,
			);
			name = "Supporting Files";
			sourceTree = "<group>";
		};
/* End PBXGroup section */

/* Begin PBXNativeTarget section */
		464907EE156A737C007078EB /* humanstxt */ = {
			isa = PBXNativeTarget;
			buildConfigurationList = 4649080D156A737C007078EB /* Build configuration list for PBXNativeTarget "humanstxt" */;
			buildPhases = (
				464907EB156A737C007078EB /* Sources */,
				464907EC156A737C007078EB /* Frameworks */,
				464907ED156A737C007078EB /* Resources */,
			);
			buildRules = (
			);
			dependencies = (
			);
			name = humanstxt;
			productName = humanstxt;
			productReference = 464907EF156A737C007078EB /* humanstxt.app */;
			productType = "com.apple.product-type.application";
		};
/* End PBXNativeTarget section */

/* Begin PBXProject section */
		464907E6156A737B007078EB /* Project object */ = {
			isa = PBXProject;
			attributes = {
				LastUpgradeCheck = 0430;
				ORGANIZATIONNAME = "Lars Schwegmann iOS Software";
			};
			buildConfigurationList = 464907E9156A737B007078EB /* Build configuration list for PBXProject "humanstxt" */;
			compatibilityVersion = "Xcode 3.2";
			developmentRegion = English;
			hasScannedForEncodings = 0;
			knownRegions = (
				en,
			);
			mainGroup = 464907E4156A737B007078EB;
			productRefGroup = 464907F0156A737C007078EB /* Products */;
			projectDirPath = "";
			projectRoot = "";
			targets = (
				464907EE156A737C007078EB /* humanstxt */,
			);
		};
/* End PBXProject section */

/* Begin PBXResourcesBuildPhase section */
		464907ED156A737C007078EB /* Resources */ = {
			isa = PBXResourcesBuildPhase;
			buildActionMask = 2147483647;
			files = (
				464907FE156A737C007078EB /* InfoPlist.strings in Resources */,
				4649080A156A737C007078EB /* ViewController.xib in Resources */,
				463A2B14156BE8E800414F84 /* humanstxt-transparent-color.png in Resources */,
				463A2B1F156D3FA500414F84 /* tableheader.png in Resources */,
				463A2B20156D3FA500414F84 /* tableheader@2x.png in Resources */,
				463A2B2F156D491900414F84 /* cell.png in Resources */,
				463A2B30156D491900414F84 /* cell@2x.png in Resources */,
				463A2B3B156D5AE800414F84 /* tableheader2.png in Resources */,
				463A2B3C156D5AE800414F84 /* tableheader2@2x.png in Resources */,
				463A2B3F156D5D8900414F84 /* tableheader3.png in Resources */,
				463A2B40156D5D8900414F84 /* tableheader3@2x.png in Resources */,
				463A2B49156E81A000414F84 /* Intro.png in Resources */,
				463A2B4A156E81A000414F84 /* Intro@2x.png in Resources */,
				463A2B4D156E843C00414F84 /* humanstxtlogonavbar.png in Resources */,
				463A2B4E156E843C00414F84 /* humanstxtlogonavbar@2x.png in Resources */,
				463A2B51156E851500414F84 /* humanstxtlogonavbar2.png in Resources */,
				463A2B52156E851500414F84 /* humanstxtlogonavbar2@2x.psd in Resources */,
				463A2B5E156E932E00414F84 /* Icon-72.png in Resources */,
				463A2B5F156E932E00414F84 /* Icon-72@2x.png in Resources */,
				463A2B60156E932E00414F84 /* Icon-Small-50.png in Resources */,
				463A2B61156E932E00414F84 /* Icon-Small-50@2x.png in Resources */,
				463A2B62156E932E00414F84 /* Icon-Small.png in Resources */,
				463A2B63156E932E00414F84 /* Icon-Small@2x.png in Resources */,
				463A2B64156E932E00414F84 /* Icon.png in Resources */,
				463A2B65156E932E00414F84 /* Icon@2x.png in Resources */,
				463A2B66156E932E00414F84 /* iTunesArtwork.png in Resources */,
				463A2B67156E932E00414F84 /* iTunesArtwork@2x.png in Resources */,
				463A2B7E156EA0B500414F84 /* cellselected.png in Resources */,
				463A2B7F156EA0B500414F84 /* cellselected@2x.png in Resources */,
				463A2B85156EAFA100414F84 /* DetailViewController.xib in Resources */,
				463A2B88156EB36200414F84 /* papercut.png in Resources */,
				463A2B89156EB36200414F84 /* papercut@2x.png in Resources */,
				463AE752156FAACC00E41DEC /* papercut2.png in Resources */,
				463AE753156FAACC00E41DEC /* papercut2@2x.png in Resources */,
				463AE7A0156FE36A00E41DEC /* humanstxtlogonavbar2@2x.png in Resources */,
			);
			runOnlyForDeploymentPostprocessing = 0;
		};
/* End PBXResourcesBuildPhase section */

/* Begin PBXSourcesBuildPhase section */
		464907EB156A737C007078EB /* Sources */ = {
			isa = PBXSourcesBuildPhase;
			buildActionMask = 2147483647;
			files = (
				46490800156A737C007078EB /* main.m in Sources */,
				46490804156A737C007078EB /* AppDelegate.m in Sources */,
				46490807156A737C007078EB /* ViewController.m in Sources */,
				46490812156A73FF007078EB /* LSHumanTXTParser.m in Sources */,
				463A2B0F156BCC0700414F84 /* NSString+BaseKit.m in Sources */,
				463A2B7A156E9E2F00414F84 /* ListViewControllerCell.m in Sources */,
				463A2B84156EAFA100414F84 /* DetailViewController.m in Sources */,
				463AE79E156FC51D00E41DEC /* MKMapView+ZoomLevel.m in Sources */,
			);
			runOnlyForDeploymentPostprocessing = 0;
		};
/* End PBXSourcesBuildPhase section */

/* Begin PBXVariantGroup section */
		464907FC156A737C007078EB /* InfoPlist.strings */ = {
			isa = PBXVariantGroup;
			children = (
				464907FD156A737C007078EB /* en */,
			);
			name = InfoPlist.strings;
			sourceTree = "<group>";
		};
		46490808156A737C007078EB /* ViewController.xib */ = {
			isa = PBXVariantGroup;
			children = (
				46490809156A737C007078EB /* en */,
			);
			name = ViewController.xib;
			sourceTree = "<group>";
		};
/* End PBXVariantGroup section */

/* Begin XCBuildConfiguration section */
		463A2B68156E965D00414F84 /* Distribution */ = {
			isa = XCBuildConfiguration;
			buildSettings = {
				ALWAYS_SEARCH_USER_PATHS = NO;
				ARCHS = "$(ARCHS_STANDARD_32_BIT)";
				CLANG_ENABLE_OBJC_ARC = YES;
				"CODE_SIGN_IDENTITY[sdk=iphoneos*]" = "iPhone Developer";
				COPY_PHASE_STRIP = YES;
				GCC_C_LANGUAGE_STANDARD = gnu99;
				GCC_VERSION = com.apple.compilers.llvm.clang.1_0;
				GCC_WARN_ABOUT_RETURN_TYPE = YES;
				GCC_WARN_UNINITIALIZED_AUTOS = YES;
				GCC_WARN_UNUSED_VARIABLE = YES;
				IPHONEOS_DEPLOYMENT_TARGET = 5.1;
				OTHER_CFLAGS = "-DNS_BLOCK_ASSERTIONS=1";
				SDKROOT = iphoneos;
				VALIDATE_PRODUCT = YES;
			};
			name = Distribution;
		};
		463A2B69156E965D00414F84 /* Distribution */ = {
			isa = XCBuildConfiguration;
			buildSettings = {
				CODE_SIGN_IDENTITY = "iPhone Distribution: Christian Schwegmann";
				"CODE_SIGN_IDENTITY[sdk=iphoneos*]" = "iPhone Distribution";
				GCC_PRECOMPILE_PREFIX_HEADER = YES;
				GCC_PREFIX_HEADER = "humanstxt/humanstxt-Prefix.pch";
				INFOPLIST_FILE = "humanstxt/humanstxt-Info.plist";
				PRODUCT_NAME = "$(TARGET_NAME)";
				PROVISIONING_PROFILE = "5595B492-D4D8-476B-8902-CE9E7CA615CA";
				"PROVISIONING_PROFILE[sdk=iphoneos*]" = "";
				WRAPPER_EXTENSION = app;
			};
			name = Distribution;
		};
		4649080B156A737C007078EB /* Debug */ = {
			isa = XCBuildConfiguration;
			buildSettings = {
				ALWAYS_SEARCH_USER_PATHS = NO;
				ARCHS = "$(ARCHS_STANDARD_32_BIT)";
				CLANG_ENABLE_OBJC_ARC = YES;
				"CODE_SIGN_IDENTITY[sdk=iphoneos*]" = "iPhone Developer";
				COPY_PHASE_STRIP = NO;
				GCC_C_LANGUAGE_STANDARD = gnu99;
				GCC_DYNAMIC_NO_PIC = NO;
				GCC_OPTIMIZATION_LEVEL = 0;
				GCC_PREPROCESSOR_DEFINITIONS = (
					"DEBUG=1",
					"$(inherited)",
				);
				GCC_SYMBOLS_PRIVATE_EXTERN = NO;
				GCC_VERSION = com.apple.compilers.llvm.clang.1_0;
				GCC_WARN_ABOUT_RETURN_TYPE = YES;
				GCC_WARN_UNINITIALIZED_AUTOS = YES;
				GCC_WARN_UNUSED_VARIABLE = YES;
				IPHONEOS_DEPLOYMENT_TARGET = 5.1;
				SDKROOT = iphoneos;
			};
			name = Debug;
		};
		4649080C156A737C007078EB /* Release */ = {
			isa = XCBuildConfiguration;
			buildSettings = {
				ALWAYS_SEARCH_USER_PATHS = NO;
				ARCHS = "$(ARCHS_STANDARD_32_BIT)";
				CLANG_ENABLE_OBJC_ARC = YES;
				"CODE_SIGN_IDENTITY[sdk=iphoneos*]" = "iPhone Developer";
				COPY_PHASE_STRIP = YES;
				GCC_C_LANGUAGE_STANDARD = gnu99;
				GCC_VERSION = com.apple.compilers.llvm.clang.1_0;
				GCC_WARN_ABOUT_RETURN_TYPE = YES;
				GCC_WARN_UNINITIALIZED_AUTOS = YES;
				GCC_WARN_UNUSED_VARIABLE = YES;
				IPHONEOS_DEPLOYMENT_TARGET = 5.1;
				OTHER_CFLAGS = "-DNS_BLOCK_ASSERTIONS=1";
				SDKROOT = iphoneos;
				VALIDATE_PRODUCT = YES;
			};
			name = Release;
		};
		4649080E156A737C007078EB /* Debug */ = {
			isa = XCBuildConfiguration;
			buildSettings = {
				CODE_SIGN_IDENTITY = "iPhone Developer";
				"CODE_SIGN_IDENTITY[sdk=iphoneos*]" = "iPhone Developer";
				GCC_PRECOMPILE_PREFIX_HEADER = YES;
				GCC_PREFIX_HEADER = "humanstxt/humanstxt-Prefix.pch";
				INFOPLIST_FILE = "humanstxt/humanstxt-Info.plist";
				PRODUCT_NAME = "$(TARGET_NAME)";
				PROVISIONING_PROFILE = "";
				"PROVISIONING_PROFILE[sdk=iphoneos*]" = "";
				WRAPPER_EXTENSION = app;
			};
			name = Debug;
		};
		4649080F156A737C007078EB /* Release */ = {
			isa = XCBuildConfiguration;
			buildSettings = {
				CODE_SIGN_IDENTITY = "iPhone Developer";
				"CODE_SIGN_IDENTITY[sdk=iphoneos*]" = "iPhone Developer";
				GCC_PRECOMPILE_PREFIX_HEADER = YES;
				GCC_PREFIX_HEADER = "humanstxt/humanstxt-Prefix.pch";
				INFOPLIST_FILE = "humanstxt/humanstxt-Info.plist";
				PRODUCT_NAME = "$(TARGET_NAME)";
				PROVISIONING_PROFILE = "";
				"PROVISIONING_PROFILE[sdk=iphoneos*]" = "";
				WRAPPER_EXTENSION = app;
			};
			name = Release;
		};
/* End XCBuildConfiguration section */

/* Begin XCConfigurationList section */
		464907E9156A737B007078EB /* Build configuration list for PBXProject "humanstxt" */ = {
			isa = XCConfigurationList;
			buildConfigurations = (
				4649080B156A737C007078EB /* Debug */,
				4649080C156A737C007078EB /* Release */,
				463A2B68156E965D00414F84 /* Distribution */,
			);
			defaultConfigurationIsVisible = 0;
			defaultConfigurationName = Release;
		};
		4649080D156A737C007078EB /* Build configuration list for PBXNativeTarget "humanstxt" */ = {
			isa = XCConfigurationList;
			buildConfigurations = (
				4649080E156A737C007078EB /* Debug */,
				4649080F156A737C007078EB /* Release */,
				463A2B69156E965D00414F84 /* Distribution */,
			);
			defaultConfigurationIsVisible = 0;
			defaultConfigurationName = Release;
		};
/* End XCConfigurationList section */
	};
	rootObject = 464907E6156A737B007078EB /* Project object */;
}
